
Microsoft Visual Studio Solution File, Format Version 12.00
# Visual Studio Version 17
VisualStudioVersion = 17.0.31903.59
MinimumVisualStudioVersion = 10.0.40219.1
Project("{2150E333-8FDC-42A3-9474-1A3956D46DE8}") = "src", "src", "{827E0CD3-B72D-47B6-A68D-7590B98EB39B}"
EndProject
Project("{FAE04EC0-301F-11D3-BF4B-00C04F79EFBC}") = "Ogma.Application", "src\Ogma.Application\Ogma.Application.csproj", "{E414091C-5ECF-4ACE-9EB9-48FA00EBBA36}"
EndProject
Project("{FAE04EC0-301F-11D3-BF4B-00C04F79EFBC}") = "Ogma.Domain", "src\Ogma.Domain\Ogma.Domain.csproj", "{D095848C-74AF-4D05-BA7F-6658BE28D7D6}"
EndProject
Project("{FAE04EC0-301F-11D3-BF4B-00C04F79EFBC}") = "Ogma.Infrastructure", "src\Ogma.Infrastructure\Ogma.Infrastructure.csproj", "{587299D0-8984-414C-AF24-07A28BEDA46B}"
EndProject
Project("{2150E333-8FDC-42A3-9474-1A3956D46DE8}") = "tests", "tests", "{0AB3BF05-4346-4AA6-1389-037BE0695223}"
EndProject
Project("{FAE04EC0-301F-11D3-BF4B-00C04F79EFBC}") = "Ogma.UnitTests", "tests\Ogma.UnitTests\Ogma.UnitTests.csproj", "{25DEF486-9ACC-4A61-9347-D9CDAF09DF6C}"
EndProject
Project("{FAE04EC0-301F-11D3-BF4B-00C04F79EFBC}") = "Ogma.IntegrationTests", "tests\Ogma.IntegrationTests\Ogma.IntegrationTests.csproj", "{DAEA2134-ABCE-4B8F-B38D-A186E4764E74}"
EndProject
Project("{FAE04EC0-301F-11D3-BF4B-00C04F79EFBC}") = "Ogma.Api", "src\Ogma.Api\Ogma.Api.csproj", "{365F062A-7B78-4846-888A-9D4927DA8349}"
EndProject
Global
	GlobalSection(SolutionConfigurationPlatforms) = preSolution
		Debug|Any CPU = Debug|Any CPU
		Debug|x64 = Debug|x64
		Debug|x86 = Debug|x86
		Release|Any CPU = Release|Any CPU
		Release|x64 = Release|x64
		Release|x86 = Release|x86
	EndGlobalSection
	GlobalSection(ProjectConfigurationPlatforms) = postSolution
		{E414091C-5ECF-4ACE-9EB9-48FA00EBBA36}.Debug|Any CPU.ActiveCfg = Debug|Any CPU
		{E414091C-5ECF-4ACE-9EB9-48FA00EBBA36}.Debug|Any CPU.Build.0 = Debug|Any CPU
		{E414091C-5ECF-4ACE-9EB9-48FA00EBBA36}.Debug|x64.ActiveCfg = Debug|Any CPU
		{E414091C-5ECF-4ACE-9EB9-48FA00EBBA36}.Debug|x64.Build.0 = Debug|Any CPU
		{E414091C-5ECF-4ACE-9EB9-48FA00EBBA36}.Debug|x86.ActiveCfg = Debug|Any CPU
		{E414091C-5ECF-4ACE-9EB9-48FA00EBBA36}.Debug|x86.Build.0 = Debug|Any CPU
		{E414091C-5ECF-4ACE-9EB9-48FA00EBBA36}.Release|Any CPU.ActiveCfg = Release|Any CPU
		{E414091C-5ECF-4ACE-9EB9-48FA00EBBA36}.Release|Any CPU.Build.0 = Release|Any CPU
		{E414091C-5ECF-4ACE-9EB9-48FA00EBBA36}.Release|x64.ActiveCfg = Release|Any CPU
		{E414091C-5ECF-4ACE-9EB9-48FA00EBBA36}.Release|x64.Build.0 = Release|Any CPU
		{E414091C-5ECF-4ACE-9EB9-48FA00EBBA36}.Release|x86.ActiveCfg = Release|Any CPU
		{E414091C-5ECF-4ACE-9EB9-48FA00EBBA36}.Release|x86.Build.0 = Release|Any CPU
		{D095848C-74AF-4D05-BA7F-6658BE28D7D6}.Debug|Any CPU.ActiveCfg = Debug|Any CPU
		{D095848C-74AF-4D05-BA7F-6658BE28D7D6}.Debug|Any CPU.Build.0 = Debug|Any CPU
		{D095848C-74AF-4D05-BA7F-6658BE28D7D6}.Debug|x64.ActiveCfg = Debug|Any CPU
		{D095848C-74AF-4D05-BA7F-6658BE28D7D6}.Debug|x64.Build.0 = Debug|Any CPU
		{D095848C-74AF-4D05-BA7F-6658BE28D7D6}.Debug|x86.ActiveCfg = Debug|Any CPU
		{D095848C-74AF-4D05-BA7F-6658BE28D7D6}.Debug|x86.Build.0 = Debug|Any CPU
		{D095848C-74AF-4D05-BA7F-6658BE28D7D6}.Release|Any CPU.ActiveCfg = Release|Any CPU
		{D095848C-74AF-4D05-BA7F-6658BE28D7D6}.Release|Any CPU.Build.0 = Release|Any CPU
		{D095848C-74AF-4D05-BA7F-6658BE28D7D6}.Release|x64.ActiveCfg = Release|Any CPU
		{D095848C-74AF-4D05-BA7F-6658BE28D7D6}.Release|x64.Build.0 = Release|Any CPU
		{D095848C-74AF-4D05-BA7F-6658BE28D7D6}.Release|x86.ActiveCfg = Release|Any CPU
		{D095848C-74AF-4D05-BA7F-6658BE28D7D6}.Release|x86.Build.0 = Release|Any CPU
		{587299D0-8984-414C-AF24-07A28BEDA46B}.Debug|Any CPU.ActiveCfg = Debug|Any CPU
		{587299D0-8984-414C-AF24-07A28BEDA46B}.Debug|Any CPU.Build.0 = Debug|Any CPU
		{587299D0-8984-414C-AF24-07A28BEDA46B}.Debug|x64.ActiveCfg = Debug|Any CPU
		{587299D0-8984-414C-AF24-07A28BEDA46B}.Debug|x64.Build.0 = Debug|Any CPU
		{587299D0-8984-414C-AF24-07A28BEDA46B}.Debug|x86.ActiveCfg = Debug|Any CPU
		{587299D0-8984-414C-AF24-07A28BEDA46B}.Debug|x86.Build.0 = Debug|Any CPU
		{587299D0-8984-414C-AF24-07A28BEDA46B}.Release|Any CPU.ActiveCfg = Release|Any CPU
		{587299D0-8984-414C-AF24-07A28BEDA46B}.Release|Any CPU.Build.0 = Release|Any CPU
		{587299D0-8984-414C-AF24-07A28BEDA46B}.Release|x64.ActiveCfg = Release|Any CPU
		{587299D0-8984-414C-AF24-07A28BEDA46B}.Release|x64.Build.0 = Release|Any CPU
		{587299D0-8984-414C-AF24-07A28BEDA46B}.Release|x86.ActiveCfg = Release|Any CPU
		{587299D0-8984-414C-AF24-07A28BEDA46B}.Release|x86.Build.0 = Release|Any CPU
		{25DEF486-9ACC-4A61-9347-D9CDAF09DF6C}.Debug|Any CPU.ActiveCfg = Debug|Any CPU
		{25DEF486-9ACC-4A61-9347-D9CDAF09DF6C}.Debug|Any CPU.Build.0 = Debug|Any CPU
		{25DEF486-9ACC-4A61-9347-D9CDAF09DF6C}.Debug|x64.ActiveCfg = Debug|Any CPU
		{25DEF486-9ACC-4A61-9347-D9CDAF09DF6C}.Debug|x64.Build.0 = Debug|Any CPU
		{25DEF486-9ACC-4A61-9347-D9CDAF09DF6C}.Debug|x86.ActiveCfg = Debug|Any CPU
		{25DEF486-9ACC-4A61-9347-D9CDAF09DF6C}.Debug|x86.Build.0 = Debug|Any CPU
		{25DEF486-9ACC-4A61-9347-D9CDAF09DF6C}.Release|Any CPU.ActiveCfg = Release|Any CPU
		{25DEF486-9ACC-4A61-9347-D9CDAF09DF6C}.Release|Any CPU.Build.0 = Release|Any CPU
		{25DEF486-9ACC-4A61-9347-D9CDAF09DF6C}.Release|x64.ActiveCfg = Release|Any CPU
		{25DEF486-9ACC-4A61-9347-D9CDAF09DF6C}.Release|x64.Build.0 = Release|Any CPU
		{25DEF486-9ACC-4A61-9347-D9CDAF09DF6C}.Release|x86.ActiveCfg = Release|Any CPU
		{25DEF486-9ACC-4A61-9347-D9CDAF09DF6C}.Release|x86.Build.0 = Release|Any CPU
		{DAEA2134-ABCE-4B8F-B38D-A186E4764E74}.Debug|Any CPU.ActiveCfg = Debug|Any CPU
		{DAEA2134-ABCE-4B8F-B38D-A186E4764E74}.Debug|Any CPU.Build.0 = Debug|Any CPU
		{DAEA2134-ABCE-4B8F-B38D-A186E4764E74}.Debug|x64.ActiveCfg = Debug|Any CPU
		{DAEA2134-ABCE-4B8F-B38D-A186E4764E74}.Debug|x64.Build.0 = Debug|Any CPU
		{DAEA2134-ABCE-4B8F-B38D-A186E4764E74}.Debug|x86.ActiveCfg = Debug|Any CPU
		{DAEA2134-ABCE-4B8F-B38D-A186E4764E74}.Debug|x86.Build.0 = Debug|Any CPU
		{DAEA2134-ABCE-4B8F-B38D-A186E4764E74}.Release|Any CPU.ActiveCfg = Release|Any CPU
		{DAEA2134-ABCE-4B8F-B38D-A186E4764E74}.Release|Any CPU.Build.0 = Release|Any CPU
		{DAEA2134-ABCE-4B8F-B38D-A186E4764E74}.Release|x64.ActiveCfg = Release|Any CPU
		{DAEA2134-ABCE-4B8F-B38D-A186E4764E74}.Release|x64.Build.0 = Release|Any CPU
		{DAEA2134-ABCE-4B8F-B38D-A186E4764E74}.Release|x86.ActiveCfg = Release|Any CPU
		{DAEA2134-ABCE-4B8F-B38D-A186E4764E74}.Release|x86.Build.0 = Release|Any CPU
		{365F062A-7B78-4846-888A-9D4927DA8349}.Debug|Any CPU.ActiveCfg = Debug|Any CPU
		{365F062A-7B78-4846-888A-9D4927DA8349}.Debug|Any CPU.Build.0 = Debug|Any CPU
		{365F062A-7B78-4846-888A-9D4927DA8349}.Debug|x64.ActiveCfg = Debug|Any CPU
		{365F062A-7B78-4846-888A-9D4927DA8349}.Debug|x64.Build.0 = Debug|Any CPU
		{365F062A-7B78-4846-888A-9D4927DA8349}.Debug|x86.ActiveCfg = Debug|Any CPU
		{365F062A-7B78-4846-888A-9D4927DA8349}.Debug|x86.Build.0 = Debug|Any CPU
		{365F062A-7B78-4846-888A-9D4927DA8349}.Release|Any CPU.ActiveCfg = Release|Any CPU
		{365F062A-7B78-4846-888A-9D4927DA8349}.Release|Any CPU.Build.0 = Release|Any CPU
		{365F062A-7B78-4846-888A-9D4927DA8349}.Release|x64.ActiveCfg = Release|Any CPU
		{365F062A-7B78-4846-888A-9D4927DA8349}.Release|x64.Build.0 = Release|Any CPU
		{365F062A-7B78-4846-888A-9D4927DA8349}.Release|x86.ActiveCfg = Release|Any CPU
		{365F062A-7B78-4846-888A-9D4927DA8349}.Release|x86.Build.0 = Release|Any CPU
	EndGlobalSection
	GlobalSection(SolutionProperties) = preSolution
		HideSolutionNode = FALSE
	EndGlobalSection
	GlobalSection(NestedProjects) = preSolution
		{E414091C-5ECF-4ACE-9EB9-48FA00EBBA36} = {827E0CD3-B72D-47B6-A68D-7590B98EB39B}
		{D095848C-74AF-4D05-BA7F-6658BE28D7D6} = {827E0CD3-B72D-47B6-A68D-7590B98EB39B}
		{587299D0-8984-414C-AF24-07A28BEDA46B} = {827E0CD3-B72D-47B6-A68D-7590B98EB39B}
		{25DEF486-9ACC-4A61-9347-D9CDAF09DF6C} = {0AB3BF05-4346-4AA6-1389-037BE0695223}
		{DAEA2134-ABCE-4B8F-B38D-A186E4764E74} = {0AB3BF05-4346-4AA6-1389-037BE0695223}
		{365F062A-7B78-4846-888A-9D4927DA8349} = {827E0CD3-B72D-47B6-A68D-7590B98EB39B}
	EndGlobalSection
EndGlobal
